
Microsoft Visual Studio Solution File, Format Version 12.00
# Visual Studio Version 17
VisualStudioVersion = 17.8.0.0
MinimumVisualStudioVersion = 10.0.40219.1
Project("{9A19103F-16F7-4668-BE54-9A1E7A4F7556}") = "Igloo.App", "src\Igloo.App\Igloo.App.csproj", "{11111111-0001-0000-0000-000000000001}"
EndProject
Project("{9A19103F-16F7-4668-BE54-9A1E7A4F7556}") = "Igloo.Core", "src\Igloo.Core\Igloo.Core.csproj", "{11111111-0002-0000-0000-000000000002}"
EndProject
Project("{9A19103F-16F7-4668-BE54-9A1E7A4F7556}") = "Igloo.Preflight", "src\Igloo.Preflight\Igloo.Preflight.csproj", "{11111111-0003-0000-0000-000000000003}"
EndProject
Project("{9A19103F-16F7-4668-BE54-9A1E7A4F7556}") = "Igloo.Iso", "src\Igloo.Iso\Igloo.Iso.csproj", "{11111111-0004-0000-0000-000000000004}"
EndProject
Project("{9A19103F-16F7-4668-BE54-9A1E7A4F7556}") = "Igloo.Migration", "src\Igloo.Migration\Igloo.Migration.csproj", "{11111111-0007-0000-0000-000000000007}"
EndProject
Project("{9A19103F-16F7-4668-BE54-9A1E7A4F7556}") = "Igloo.UsbWriter", "src\Igloo.UsbWriter\Igloo.UsbWriter.csproj", "{11111111-0008-0000-0000-000000000008}"
EndProject
Project("{9A19103F-16F7-4668-BE54-9A1E7A4F7556}") = "Igloo.Distro.FedoraKde", "distros\fedora-kde\Igloo.Distro.FedoraKde.csproj", "{11111111-0005-0000-0000-000000000005}"
EndProject
Project("{9A19103F-16F7-4668-BE54-9A1E7A4F7556}") = "Igloo.Core.Tests", "tests\Igloo.Core.Tests\Igloo.Core.Tests.csproj", "{11111111-0006-0000-0000-000000000006}"
EndProject
Project("{2150E333-8FDC-42A3-9474-1A3956D46DE8}") = "src", "src", "{22222222-0000-0000-0000-000000000001}"
EndProject
Project("{2150E333-8FDC-42A3-9474-1A3956D46DE8}") = "distros", "distros", "{22222222-0000-0000-0000-000000000002}"
EndProject
Project("{2150E333-8FDC-42A3-9474-1A3956D46DE8}") = "tests", "tests", "{22222222-0000-0000-0000-000000000003}"
EndProject
Project("{FAE04EC0-301F-11D3-BF4B-00C04F79EFBC}") = "Igloo.Distro.Debian", "distros\debian\Igloo.Distro.Debian.csproj", "{37BEDA26-4F8E-4AE6-9296-EFA9883BE29F}"
EndProject
Project("{FAE04EC0-301F-11D3-BF4B-00C04F79EFBC}") = "Igloo.Distro.Ubuntu", "distros\ubuntu\Igloo.Distro.Ubuntu.csproj", "{BCABC855-BFA0-4E29-AEA6-E187C27D659A}"
EndProject
Project("{FAE04EC0-301F-11D3-BF4B-00C04F79EFBC}") = "Igloo.Distro.LinuxmintCinnamon", "distros\linuxmint-cinnamon\Igloo.Distro.LinuxmintCinnamon.csproj", "{CACBB795-993C-4533-A688-C3D041E08A55}"
EndProject
Project("{FAE04EC0-301F-11D3-BF4B-00C04F79EFBC}") = "Igloo.Migration.Tests", "tests\Igloo.Migration.Tests\Igloo.Migration.Tests.csproj", "{2FE5E9F7-5F6E-47FA-AEB9-E4E451635F94}"
EndProject
Project("{FAE04EC0-301F-11D3-BF4B-00C04F79EFBC}") = "Igloo.Iso.Tests", "tests\Igloo.Iso.Tests\Igloo.Iso.Tests.csproj", "{904914E9-A075-499A-A29D-7AE1BBAD2504}"
EndProject
Project("{FAE04EC0-301F-11D3-BF4B-00C04F79EFBC}") = "Igloo.App.Tests", "tests\Igloo.App.Tests\Igloo.App.Tests.csproj", "{3E8C6E99-9CDA-436C-8835-00309C8560B0}"
EndProject
Project("{FAE04EC0-301F-11D3-BF4B-00C04F79EFBC}") = "Igloo.Preflight.Tests", "tests\Igloo.Preflight.Tests\Igloo.Preflight.Tests.csproj", "{57874414-D27B-45E4-AEFD-B7D7909023D9}"
EndProject
Project("{FAE04EC0-301F-11D3-BF4B-00C04F79EFBC}") = "Igloo.UsbWriter.Tests", "tests\Igloo.UsbWriter.Tests\Igloo.UsbWriter.Tests.csproj", "{51F93F1F-15B6-4E89-AC0B-D80275D344D3}"
EndProject
Global
	GlobalSection(SolutionConfigurationPlatforms) = preSolution
		Debug|Any CPU = Debug|Any CPU
		Debug|x64 = Debug|x64
		Debug|x86 = Debug|x86
		Release|Any CPU = Release|Any CPU
		Release|x64 = Release|x64
		Release|x86 = Release|x86
	EndGlobalSection
	GlobalSection(ProjectConfigurationPlatforms) = postSolution
		{11111111-0001-0000-0000-000000000001}.Debug|Any CPU.ActiveCfg = Debug|Any CPU
		{11111111-0001-0000-0000-000000000001}.Debug|Any CPU.Build.0 = Debug|Any CPU
		{11111111-0001-0000-0000-000000000001}.Debug|x64.ActiveCfg = Debug|Any CPU
		{11111111-0001-0000-0000-000000000001}.Debug|x64.Build.0 = Debug|Any CPU
		{11111111-0001-0000-0000-000000000001}.Debug|x86.ActiveCfg = Debug|Any CPU
		{11111111-0001-0000-0000-000000000001}.Debug|x86.Build.0 = Debug|Any CPU
		{11111111-0001-0000-0000-000000000001}.Release|Any CPU.ActiveCfg = Release|Any CPU
		{11111111-0001-0000-0000-000000000001}.Release|Any CPU.Build.0 = Release|Any CPU
		{11111111-0001-0000-0000-000000000001}.Release|x64.ActiveCfg = Release|Any CPU
		{11111111-0001-0000-0000-000000000001}.Release|x64.Build.0 = Release|Any CPU
		{11111111-0001-0000-0000-000000000001}.Release|x86.ActiveCfg = Release|Any CPU
		{11111111-0001-0000-0000-000000000001}.Release|x86.Build.0 = Release|Any CPU
		{11111111-0002-0000-0000-000000000002}.Debug|Any CPU.ActiveCfg = Debug|Any CPU
		{11111111-0002-0000-0000-000000000002}.Debug|Any CPU.Build.0 = Debug|Any CPU
		{11111111-0002-0000-0000-000000000002}.Debug|x64.ActiveCfg = Debug|Any CPU
		{11111111-0002-0000-0000-000000000002}.Debug|x64.Build.0 = Debug|Any CPU
		{11111111-0002-0000-0000-000000000002}.Debug|x86.ActiveCfg = Debug|Any CPU
		{11111111-0002-0000-0000-000000000002}.Debug|x86.Build.0 = Debug|Any CPU
		{11111111-0002-0000-0000-000000000002}.Release|Any CPU.ActiveCfg = Release|Any CPU
		{11111111-0002-0000-0000-000000000002}.Release|Any CPU.Build.0 = Release|Any CPU
		{11111111-0002-0000-0000-000000000002}.Release|x64.ActiveCfg = Release|Any CPU
		{11111111-0002-0000-0000-000000000002}.Release|x64.Build.0 = Release|Any CPU
		{11111111-0002-0000-0000-000000000002}.Release|x86.ActiveCfg = Release|Any CPU
		{11111111-0002-0000-0000-000000000002}.Release|x86.Build.0 = Release|Any CPU
		{11111111-0003-0000-0000-000000000003}.Debug|Any CPU.ActiveCfg = Debug|Any CPU
		{11111111-0003-0000-0000-000000000003}.Debug|Any CPU.Build.0 = Debug|Any CPU
		{11111111-0003-0000-0000-000000000003}.Debug|x64.ActiveCfg = Debug|Any CPU
		{11111111-0003-0000-0000-000000000003}.Debug|x64.Build.0 = Debug|Any CPU
		{11111111-0003-0000-0000-000000000003}.Debug|x86.ActiveCfg = Debug|Any CPU
		{11111111-0003-0000-0000-000000000003}.Debug|x86.Build.0 = Debug|Any CPU
		{11111111-0003-0000-0000-000000000003}.Release|Any CPU.ActiveCfg = Release|Any CPU
		{11111111-0003-0000-0000-000000000003}.Release|Any CPU.Build.0 = Release|Any CPU
		{11111111-0003-0000-0000-000000000003}.Release|x64.ActiveCfg = Release|Any CPU
		{11111111-0003-0000-0000-000000000003}.Release|x64.Build.0 = Release|Any CPU
		{11111111-0003-0000-0000-000000000003}.Release|x86.ActiveCfg = Release|Any CPU
		{11111111-0003-0000-0000-000000000003}.Release|x86.Build.0 = Release|Any CPU
		{11111111-0004-0000-0000-000000000004}.Debug|Any CPU.ActiveCfg = Debug|Any CPU
		{11111111-0004-0000-0000-000000000004}.Debug|Any CPU.Build.0 = Debug|Any CPU
		{11111111-0004-0000-0000-000000000004}.Debug|x64.ActiveCfg = Debug|Any CPU
		{11111111-0004-0000-0000-000000000004}.Debug|x64.Build.0 = Debug|Any CPU
		{11111111-0004-0000-0000-000000000004}.Debug|x86.ActiveCfg = Debug|Any CPU
		{11111111-0004-0000-0000-000000000004}.Debug|x86.Build.0 = Debug|Any CPU
		{11111111-0004-0000-0000-000000000004}.Release|Any CPU.ActiveCfg = Release|Any CPU
		{11111111-0004-0000-0000-000000000004}.Release|Any CPU.Build.0 = Release|Any CPU
		{11111111-0004-0000-0000-000000000004}.Release|x64.ActiveCfg = Release|Any CPU
		{11111111-0004-0000-0000-000000000004}.Release|x64.Build.0 = Release|Any CPU
		{11111111-0004-0000-0000-000000000004}.Release|x86.ActiveCfg = Release|Any CPU
		{11111111-0004-0000-0000-000000000004}.Release|x86.Build.0 = Release|Any CPU
		{11111111-0007-0000-0000-000000000007}.Debug|Any CPU.ActiveCfg = Debug|Any CPU
		{11111111-0007-0000-0000-000000000007}.Debug|Any CPU.Build.0 = Debug|Any CPU
		{11111111-0007-0000-0000-000000000007}.Debug|x64.ActiveCfg = Debug|Any CPU
		{11111111-0007-0000-0000-000000000007}.Debug|x64.Build.0 = Debug|Any CPU
		{11111111-0007-0000-0000-000000000007}.Debug|x86.ActiveCfg = Debug|Any CPU
		{11111111-0007-0000-0000-000000000007}.Debug|x86.Build.0 = Debug|Any CPU
		{11111111-0007-0000-0000-000000000007}.Release|Any CPU.ActiveCfg = Release|Any CPU
		{11111111-0007-0000-0000-000000000007}.Release|Any CPU.Build.0 = Release|Any CPU
		{11111111-0007-0000-0000-000000000007}.Release|x64.ActiveCfg = Release|Any CPU
		{11111111-0007-0000-0000-000000000007}.Release|x64.Build.0 = Release|Any CPU
		{11111111-0007-0000-0000-000000000007}.Release|x86.ActiveCfg = Release|Any CPU
		{11111111-0007-0000-0000-000000000007}.Release|x86.Build.0 = Release|Any CPU
		{11111111-0008-0000-0000-000000000008}.Debug|Any CPU.ActiveCfg = Debug|Any CPU
		{11111111-0008-0000-0000-000000000008}.Debug|Any CPU.Build.0 = Debug|Any CPU
		{11111111-0008-0000-0000-000000000008}.Debug|x64.ActiveCfg = Debug|Any CPU
		{11111111-0008-0000-0000-000000000008}.Debug|x64.Build.0 = Debug|Any CPU
		{11111111-0008-0000-0000-000000000008}.Debug|x86.ActiveCfg = Debug|Any CPU
		{11111111-0008-0000-0000-000000000008}.Debug|x86.Build.0 = Debug|Any CPU
		{11111111-0008-0000-0000-000000000008}.Release|Any CPU.ActiveCfg = Release|Any CPU
		{11111111-0008-0000-0000-000000000008}.Release|Any CPU.Build.0 = Release|Any CPU
		{11111111-0008-0000-0000-000000000008}.Release|x64.ActiveCfg = Release|Any CPU
		{11111111-0008-0000-0000-000000000008}.Release|x64.Build.0 = Release|Any CPU
		{11111111-0008-0000-0000-000000000008}.Release|x86.ActiveCfg = Release|Any CPU
		{11111111-0008-0000-0000-000000000008}.Release|x86.Build.0 = Release|Any CPU
		{11111111-0005-0000-0000-000000000005}.Debug|Any CPU.ActiveCfg = Debug|Any CPU
		{11111111-0005-0000-0000-000000000005}.Debug|Any CPU.Build.0 = Debug|Any CPU
		{11111111-0005-0000-0000-000000000005}.Debug|x64.ActiveCfg = Debug|Any CPU
		{11111111-0005-0000-0000-000000000005}.Debug|x64.Build.0 = Debug|Any CPU
		{11111111-0005-0000-0000-000000000005}.Debug|x86.ActiveCfg = Debug|Any CPU
		{11111111-0005-0000-0000-000000000005}.Debug|x86.Build.0 = Debug|Any CPU
		{11111111-0005-0000-0000-000000000005}.Release|Any CPU.ActiveCfg = Release|Any CPU
		{11111111-0005-0000-0000-000000000005}.Release|Any CPU.Build.0 = Release|Any CPU
		{11111111-0005-0000-0000-000000000005}.Release|x64.ActiveCfg = Release|Any CPU
		{11111111-0005-0000-0000-000000000005}.Release|x64.Build.0 = Release|Any CPU
		{11111111-0005-0000-0000-000000000005}.Release|x86.ActiveCfg = Release|Any CPU
		{11111111-0005-0000-0000-000000000005}.Release|x86.Build.0 = Release|Any CPU
		{11111111-0006-0000-0000-000000000006}.Debug|Any CPU.ActiveCfg = Debug|Any CPU
		{11111111-0006-0000-0000-000000000006}.Debug|Any CPU.Build.0 = Debug|Any CPU
		{11111111-0006-0000-0000-000000000006}.Debug|x64.ActiveCfg = Debug|Any CPU
		{11111111-0006-0000-0000-000000000006}.Debug|x64.Build.0 = Debug|Any CPU
		{11111111-0006-0000-0000-000000000006}.Debug|x86.ActiveCfg = Debug|Any CPU
		{11111111-0006-0000-0000-000000000006}.Debug|x86.Build.0 = Debug|Any CPU
		{11111111-0006-0000-0000-000000000006}.Release|Any CPU.ActiveCfg = Release|Any CPU
		{11111111-0006-0000-0000-000000000006}.Release|Any CPU.Build.0 = Release|Any CPU
		{11111111-0006-0000-0000-000000000006}.Release|x64.ActiveCfg = Release|Any CPU
		{11111111-0006-0000-0000-000000000006}.Release|x64.Build.0 = Release|Any CPU
		{11111111-0006-0000-0000-000000000006}.Release|x86.ActiveCfg = Release|Any CPU
		{11111111-0006-0000-0000-000000000006}.Release|x86.Build.0 = Release|Any CPU
		{37BEDA26-4F8E-4AE6-9296-EFA9883BE29F}.Debug|Any CPU.ActiveCfg = Debug|Any CPU
		{37BEDA26-4F8E-4AE6-9296-EFA9883BE29F}.Debug|Any CPU.Build.0 = Debug|Any CPU
		{37BEDA26-4F8E-4AE6-9296-EFA9883BE29F}.Debug|x64.ActiveCfg = Debug|Any CPU
		{37BEDA26-4F8E-4AE6-9296-EFA9883BE29F}.Debug|x64.Build.0 = Debug|Any CPU
		{37BEDA26-4F8E-4AE6-9296-EFA9883BE29F}.Debug|x86.ActiveCfg = Debug|Any CPU
		{37BEDA26-4F8E-4AE6-9296-EFA9883BE29F}.Debug|x86.Build.0 = Debug|Any CPU
		{37BEDA26-4F8E-4AE6-9296-EFA9883BE29F}.Release|Any CPU.ActiveCfg = Release|Any CPU
		{37BEDA26-4F8E-4AE6-9296-EFA9883BE29F}.Release|Any CPU.Build.0 = Release|Any CPU
		{37BEDA26-4F8E-4AE6-9296-EFA9883BE29F}.Release|x64.ActiveCfg = Release|Any CPU
		{37BEDA26-4F8E-4AE6-9296-EFA9883BE29F}.Release|x64.Build.0 = Release|Any CPU
		{37BEDA26-4F8E-4AE6-9296-EFA9883BE29F}.Release|x86.ActiveCfg = Release|Any CPU
		{37BEDA26-4F8E-4AE6-9296-EFA9883BE29F}.Release|x86.Build.0 = Release|Any CPU
		{BCABC855-BFA0-4E29-AEA6-E187C27D659A}.Debug|Any CPU.ActiveCfg = Debug|Any CPU
		{BCABC855-BFA0-4E29-AEA6-E187C27D659A}.Debug|Any CPU.Build.0 = Debug|Any CPU
		{BCABC855-BFA0-4E29-AEA6-E187C27D659A}.Debug|x64.ActiveCfg = Debug|Any CPU
		{BCABC855-BFA0-4E29-AEA6-E187C27D659A}.Debug|x64.Build.0 = Debug|Any CPU
		{BCABC855-BFA0-4E29-AEA6-E187C27D659A}.Debug|x86.ActiveCfg = Debug|Any CPU
		{BCABC855-BFA0-4E29-AEA6-E187C27D659A}.Debug|x86.Build.0 = Debug|Any CPU
		{BCABC855-BFA0-4E29-AEA6-E187C27D659A}.Release|Any CPU.ActiveCfg = Release|Any CPU
		{BCABC855-BFA0-4E29-AEA6-E187C27D659A}.Release|Any CPU.Build.0 = Release|Any CPU
		{BCABC855-BFA0-4E29-AEA6-E187C27D659A}.Release|x64.ActiveCfg = Release|Any CPU
		{BCABC855-BFA0-4E29-AEA6-E187C27D659A}.Release|x64.Build.0 = Release|Any CPU
		{BCABC855-BFA0-4E29-AEA6-E187C27D659A}.Release|x86.ActiveCfg = Release|Any CPU
		{BCABC855-BFA0-4E29-AEA6-E187C27D659A}.Release|x86.Build.0 = Release|Any CPU
		{CACBB795-993C-4533-A688-C3D041E08A55}.Debug|Any CPU.ActiveCfg = Debug|Any CPU
		{CACBB795-993C-4533-A688-C3D041E08A55}.Debug|Any CPU.Build.0 = Debug|Any CPU
		{CACBB795-993C-4533-A688-C3D041E08A55}.Debug|x64.ActiveCfg = Debug|Any CPU
		{CACBB795-993C-4533-A688-C3D041E08A55}.Debug|x64.Build.0 = Debug|Any CPU
		{CACBB795-993C-4533-A688-C3D041E08A55}.Debug|x86.ActiveCfg = Debug|Any CPU
		{CACBB795-993C-4533-A688-C3D041E08A55}.Debug|x86.Build.0 = Debug|Any CPU
		{CACBB795-993C-4533-A688-C3D041E08A55}.Release|Any CPU.ActiveCfg = Release|Any CPU
		{CACBB795-993C-4533-A688-C3D041E08A55}.Release|Any CPU.Build.0 = Release|Any CPU
		{CACBB795-993C-4533-A688-C3D041E08A55}.Release|x64.ActiveCfg = Release|Any CPU
		{CACBB795-993C-4533-A688-C3D041E08A55}.Release|x64.Build.0 = Release|Any CPU
		{CACBB795-993C-4533-A688-C3D041E08A55}.Release|x86.ActiveCfg = Release|Any CPU
		{CACBB795-993C-4533-A688-C3D041E08A55}.Release|x86.Build.0 = Release|Any CPU
		{2FE5E9F7-5F6E-47FA-AEB9-E4E451635F94}.Debug|Any CPU.ActiveCfg = Debug|Any CPU
		{2FE5E9F7-5F6E-47FA-AEB9-E4E451635F94}.Debug|Any CPU.Build.0 = Debug|Any CPU
		{2FE5E9F7-5F6E-47FA-AEB9-E4E451635F94}.Debug|x64.ActiveCfg = Debug|Any CPU
		{2FE5E9F7-5F6E-47FA-AEB9-E4E451635F94}.Debug|x64.Build.0 = Debug|Any CPU
		{2FE5E9F7-5F6E-47FA-AEB9-E4E451635F94}.Debug|x86.ActiveCfg = Debug|Any CPU
		{2FE5E9F7-5F6E-47FA-AEB9-E4E451635F94}.Debug|x86.Build.0 = Debug|Any CPU
		{2FE5E9F7-5F6E-47FA-AEB9-E4E451635F94}.Release|Any CPU.ActiveCfg = Release|Any CPU
		{2FE5E9F7-5F6E-47FA-AEB9-E4E451635F94}.Release|Any CPU.Build.0 = Release|Any CPU
		{2FE5E9F7-5F6E-47FA-AEB9-E4E451635F94}.Release|x64.ActiveCfg = Release|Any CPU
		{2FE5E9F7-5F6E-47FA-AEB9-E4E451635F94}.Release|x64.Build.0 = Release|Any CPU
		{2FE5E9F7-5F6E-47FA-AEB9-E4E451635F94}.Release|x86.ActiveCfg = Release|Any CPU
		{2FE5E9F7-5F6E-47FA-AEB9-E4E451635F94}.Release|x86.Build.0 = Release|Any CPU
		{904914E9-A075-499A-A29D-7AE1BBAD2504}.Debug|Any CPU.ActiveCfg = Debug|Any CPU
		{904914E9-A075-499A-A29D-7AE1BBAD2504}.Debug|Any CPU.Build.0 = Debug|Any CPU
		{904914E9-A075-499A-A29D-7AE1BBAD2504}.Debug|x64.ActiveCfg = Debug|Any CPU
		{904914E9-A075-499A-A29D-7AE1BBAD2504}.Debug|x64.Build.0 = Debug|Any CPU
		{904914E9-A075-499A-A29D-7AE1BBAD2504}.Debug|x86.ActiveCfg = Debug|Any CPU
		{904914E9-A075-499A-A29D-7AE1BBAD2504}.Debug|x86.Build.0 = Debug|Any CPU
		{904914E9-A075-499A-A29D-7AE1BBAD2504}.Release|Any CPU.ActiveCfg = Release|Any CPU
		{904914E9-A075-499A-A29D-7AE1BBAD2504}.Release|Any CPU.Build.0 = Release|Any CPU
		{904914E9-A075-499A-A29D-7AE1BBAD2504}.Release|x64.ActiveCfg = Release|Any CPU
		{904914E9-A075-499A-A29D-7AE1BBAD2504}.Release|x64.Build.0 = Release|Any CPU
		{904914E9-A075-499A-A29D-7AE1BBAD2504}.Release|x86.ActiveCfg = Release|Any CPU
		{904914E9-A075-499A-A29D-7AE1BBAD2504}.Release|x86.Build.0 = Release|Any CPU
		{3E8C6E99-9CDA-436C-8835-00309C8560B0}.Debug|Any CPU.ActiveCfg = Debug|Any CPU
		{3E8C6E99-9CDA-436C-8835-00309C8560B0}.Debug|Any CPU.Build.0 = Debug|Any CPU
		{3E8C6E99-9CDA-436C-8835-00309C8560B0}.Debug|x64.ActiveCfg = Debug|Any CPU
		{3E8C6E99-9CDA-436C-8835-00309C8560B0}.Debug|x64.Build.0 = Debug|Any CPU
		{3E8C6E99-9CDA-436C-8835-00309C8560B0}.Debug|x86.ActiveCfg = Debug|Any CPU
		{3E8C6E99-9CDA-436C-8835-00309C8560B0}.Debug|x86.Build.0 = Debug|Any CPU
		{3E8C6E99-9CDA-436C-8835-00309C8560B0}.Release|Any CPU.ActiveCfg = Release|Any CPU
		{3E8C6E99-9CDA-436C-8835-00309C8560B0}.Release|Any CPU.Build.0 = Release|Any CPU
		{3E8C6E99-9CDA-436C-8835-00309C8560B0}.Release|x64.ActiveCfg = Release|Any CPU
		{3E8C6E99-9CDA-436C-8835-00309C8560B0}.Release|x64.Build.0 = Release|Any CPU
		{3E8C6E99-9CDA-436C-8835-00309C8560B0}.Release|x86.ActiveCfg = Release|Any CPU
		{3E8C6E99-9CDA-436C-8835-00309C8560B0}.Release|x86.Build.0 = Release|Any CPU
		{57874414-D27B-45E4-AEFD-B7D7909023D9}.Debug|Any CPU.ActiveCfg = Debug|Any CPU
		{57874414-D27B-45E4-AEFD-B7D7909023D9}.Debug|Any CPU.Build.0 = Debug|Any CPU
		{57874414-D27B-45E4-AEFD-B7D7909023D9}.Debug|x64.ActiveCfg = Debug|Any CPU
		{57874414-D27B-45E4-AEFD-B7D7909023D9}.Debug|x64.Build.0 = Debug|Any CPU
		{57874414-D27B-45E4-AEFD-B7D7909023D9}.Debug|x86.ActiveCfg = Debug|Any CPU
		{57874414-D27B-45E4-AEFD-B7D7909023D9}.Debug|x86.Build.0 = Debug|Any CPU
		{57874414-D27B-45E4-AEFD-B7D7909023D9}.Release|Any CPU.ActiveCfg = Release|Any CPU
		{57874414-D27B-45E4-AEFD-B7D7909023D9}.Release|Any CPU.Build.0 = Release|Any CPU
		{57874414-D27B-45E4-AEFD-B7D7909023D9}.Release|x64.ActiveCfg = Release|Any CPU
		{57874414-D27B-45E4-AEFD-B7D7909023D9}.Release|x64.Build.0 = Release|Any CPU
		{57874414-D27B-45E4-AEFD-B7D7909023D9}.Release|x86.ActiveCfg = Release|Any CPU
		{57874414-D27B-45E4-AEFD-B7D7909023D9}.Release|x86.Build.0 = Release|Any CPU
		{51F93F1F-15B6-4E89-AC0B-D80275D344D3}.Debug|Any CPU.ActiveCfg = Debug|Any CPU
		{51F93F1F-15B6-4E89-AC0B-D80275D344D3}.Debug|Any CPU.Build.0 = Debug|Any CPU
		{51F93F1F-15B6-4E89-AC0B-D80275D344D3}.Debug|x64.ActiveCfg = Debug|Any CPU
		{51F93F1F-15B6-4E89-AC0B-D80275D344D3}.Debug|x64.Build.0 = Debug|Any CPU
		{51F93F1F-15B6-4E89-AC0B-D80275D344D3}.Debug|x86.ActiveCfg = Debug|Any CPU
		{51F93F1F-15B6-4E89-AC0B-D80275D344D3}.Debug|x86.Build.0 = Debug|Any CPU
		{51F93F1F-15B6-4E89-AC0B-D80275D344D3}.Release|Any CPU.ActiveCfg = Release|Any CPU
		{51F93F1F-15B6-4E89-AC0B-D80275D344D3}.Release|Any CPU.Build.0 = Release|Any CPU
		{51F93F1F-15B6-4E89-AC0B-D80275D344D3}.Release|x64.ActiveCfg = Release|Any CPU
		{51F93F1F-15B6-4E89-AC0B-D80275D344D3}.Release|x64.Build.0 = Release|Any CPU
		{51F93F1F-15B6-4E89-AC0B-D80275D344D3}.Release|x86.ActiveCfg = Release|Any CPU
		{51F93F1F-15B6-4E89-AC0B-D80275D344D3}.Release|x86.Build.0 = Release|Any CPU
	EndGlobalSection
	GlobalSection(SolutionProperties) = preSolution
		HideSolutionNode = FALSE
	EndGlobalSection
	GlobalSection(NestedProjects) = preSolution
		{11111111-0001-0000-0000-000000000001} = {22222222-0000-0000-0000-000000000001}
		{11111111-0002-0000-0000-000000000002} = {22222222-0000-0000-0000-000000000001}
		{11111111-0003-0000-0000-000000000003} = {22222222-0000-0000-0000-000000000001}
		{11111111-0004-0000-0000-000000000004} = {22222222-0000-0000-0000-000000000001}
		{11111111-0007-0000-0000-000000000007} = {22222222-0000-0000-0000-000000000001}
		{11111111-0008-0000-0000-000000000008} = {22222222-0000-0000-0000-000000000001}
		{11111111-0005-0000-0000-000000000005} = {22222222-0000-0000-0000-000000000002}
		{11111111-0006-0000-0000-000000000006} = {22222222-0000-0000-0000-000000000003}
		{37BEDA26-4F8E-4AE6-9296-EFA9883BE29F} = {22222222-0000-0000-0000-000000000002}
		{BCABC855-BFA0-4E29-AEA6-E187C27D659A} = {22222222-0000-0000-0000-000000000002}
		{CACBB795-993C-4533-A688-C3D041E08A55} = {22222222-0000-0000-0000-000000000002}
		{2FE5E9F7-5F6E-47FA-AEB9-E4E451635F94} = {22222222-0000-0000-0000-000000000003}
		{904914E9-A075-499A-A29D-7AE1BBAD2504} = {22222222-0000-0000-0000-000000000003}
		{3E8C6E99-9CDA-436C-8835-00309C8560B0} = {22222222-0000-0000-0000-000000000003}
		{57874414-D27B-45E4-AEFD-B7D7909023D9} = {22222222-0000-0000-0000-000000000003}
		{51F93F1F-15B6-4E89-AC0B-D80275D344D3} = {22222222-0000-0000-0000-000000000003}
	EndGlobalSection
EndGlobal
